// !$*UTF8*$!
{
	archiveVersion = 1;
	classes = {
	};
	objectVersion = 56;
	objects = {

/* Begin PBXBuildFile section */
		6992836A29B6073F0074C36E /* AnimationSampleApp.swift in Sources */ = {isa = PBXBuildFile; fileRef = 6992836929B6073F0074C36E /* AnimationSampleApp.swift */; };
		6992836C29B6073F0074C36E /* ContentView.swift in Sources */ = {isa = PBXBuildFile; fileRef = 6992836B29B6073F0074C36E /* ContentView.swift */; };
		6992836E29B607400074C36E /* Assets.xcassets in Resources */ = {isa = PBXBuildFile; fileRef = 6992836D29B607400074C36E /* Assets.xcassets */; };
		6992837129B607400074C36E /* Preview Assets.xcassets in Resources */ = {isa = PBXBuildFile; fileRef = 6992837029B607400074C36E /* Preview Assets.xcassets */; };
		6992837B29B607400074C36E /* AnimationSampleTests.swift in Sources */ = {isa = PBXBuildFile; fileRef = 6992837A29B607400074C36E /* AnimationSampleTests.swift */; };
		6992838529B607400074C36E /* AnimationSampleUITests.swift in Sources */ = {isa = PBXBuildFile; fileRef = 6992838429B607400074C36E /* AnimationSampleUITests.swift */; };
		6992838729B607400074C36E /* AnimationSampleUITestsLaunchTests.swift in Sources */ = {isa = PBXBuildFile; fileRef = 6992838629B607400074C36E /* AnimationSampleUITestsLaunchTests.swift */; };
/* End PBXBuildFile section */

/* Begin PBXContainerItemProxy section */
		6992837729B607400074C36E /* PBXContainerItemProxy */ = {
			isa = PBXContainerItemProxy;
			containerPortal = 6992835E29B6073F0074C36E /* Project object */;
			proxyType = 1;
			remoteGlobalIDString = 6992836529B6073F0074C36E;
			remoteInfo = AnimationSample;
		};
		6992838129B607400074C36E /* PBXContainerItemProxy */ = {
			isa = PBXContainerItemProxy;
			containerPortal = 6992835E29B6073F0074C36E /* Project object */;
			proxyType = 1;
			remoteGlobalIDString = 6992836529B6073F0074C36E;
			remoteInfo = AnimationSample;
		};
/* End PBXContainerItemProxy section */

/* Begin PBXFileReference section */
		6992836629B6073F0074C36E /* AnimationSample.app */ = {isa = PBXFileReference; explicitFileType = wrapper.application; includeInIndex = 0; path = AnimationSample.app; sourceTree = BUILT_PRODUCTS_DIR; };
		6992836929B6073F0074C36E /* AnimationSampleApp.swift */ = {isa = PBXFileReference; lastKnownFileType = sourcecode.swift; path = AnimationSampleApp.swift; sourceTree = "<group>"; };
		6992836B29B6073F0074C36E /* ContentView.swift */ = {isa = PBXFileReference; lastKnownFileType = sourcecode.swift; path = ContentView.swift; sourceTree = "<group>"; };
		6992836D29B607400074C36E /* Assets.xcassets */ = {isa = PBXFileReference; lastKnownFileType = folder.assetcatalog; path = Assets.xcassets; sourceTree = "<group>"; };
		6992837029B607400074C36E /* Preview Assets.xcassets */ = {isa = PBXFileReference; lastKnownFileType = folder.assetcatalog; path = "Preview Assets.xcassets"; sourceTree = "<group>"; };
		6992837629B607400074C36E /* AnimationSampleTests.xctest */ = {isa = PBXFileReference; explicitFileType = wrapper.cfbundle; includeInIndex = 0; path = AnimationSampleTests.xctest; sourceTree = BUILT_PRODUCTS_DIR; };
		6992837A29B607400074C36E /* AnimationSampleTests.swift */ = {isa = PBXFileReference; lastKnownFileType = sourcecode.swift; path = AnimationSampleTests.swift; sourceTree = "<group>"; };
		6992838029B607400074C36E /* AnimationSampleUITests.xctest */ = {isa = PBXFileReference; explicitFileType = wrapper.cfbundle; includeInIndex = 0; path = AnimationSampleUITests.xctest; sourceTree = BUILT_PRODUCTS_DIR; };
		6992838429B607400074C36E /* AnimationSampleUITests.swift */ = {isa = PBXFileReference; lastKnownFileType = sourcecode.swift; path = AnimationSampleUITests.swift; sourceTree = "<group>"; };
		6992838629B607400074C36E /* AnimationSampleUITestsLaunchTests.swift */ = {isa = PBXFileReference; lastKnownFileType = sourcecode.swift; path = AnimationSampleUITestsLaunchTests.swift; sourceTree = "<group>"; };
/* End PBXFileReference section */

/* Begin PBXFrameworksBuildPhase section */
		6992836329B6073F0074C36E /* Frameworks */ = {
			isa = PBXFrameworksBuildPhase;
			buildActionMask = 2147483647;
			files = (
			);
			runOnlyForDeploymentPostprocessing = 0;
		};
		6992837329B607400074C36E /* Frameworks */ = {
			isa = PBXFrameworksBuildPhase;
			buildActionMask = 2147483647;
			files = (
			);
			runOnlyForDeploymentPostprocessing = 0;
		};
		6992837D29B607400074C36E /* Frameworks */ = {
			isa = PBXFrameworksBuildPhase;
			buildActionMask = 2147483647;
			files = (
			);
			runOnlyForDeploymentPostprocessing = 0;
		};
/* End PBXFrameworksBuildPhase section */

/* Begin PBXGroup section */
		6992835D29B6073F0074C36E = {
			isa = PBXGroup;
			children = (
				6992836829B6073F0074C36E /* AnimationSample */,
				6992837929B607400074C36E /* AnimationSampleTests */,
				6992838329B607400074C36E /* AnimationSampleUITests */,
				6992836729B6073F0074C36E /* Products */,
			);
			sourceTree = "<group>";
		};
		6992836729B6073F0074C36E /* Products */ = {
			isa = PBXGroup;
			children = (
				6992836629B6073F0074C36E /* AnimationSample.app */,
				6992837629B607400074C36E /* AnimationSampleTests.xctest */,
				6992838029B607400074C36E /* AnimationSampleUITests.xctest */,
			);
			name = Products;
			sourceTree = "<group>";
		};
		6992836829B6073F0074C36E /* AnimationSample */ = {
			isa = PBXGroup;
			children = (
				6992836929B6073F0074C36E /* AnimationSampleApp.swift */,
				6992836B29B6073F0074C36E /* ContentView.swift */,
				6992836D29B607400074C36E /* Assets.xcassets */,
				6992836F29B607400074C36E /* Preview Content */,
			);
			path = AnimationSample;
			sourceTree = "<group>";
		};
		6992836F29B607400074C36E /* Preview Content */ = {
			isa = PBXGroup;
			children = (
				6992837029B607400074C36E /* Preview Assets.xcassets */,
			);
			path = "Preview Content";
			sourceTree = "<group>";
		};
		6992837929B607400074C36E /* AnimationSampleTests */ = {
			isa = PBXGroup;
			children = (
				6992837A29B607400074C36E /* AnimationSampleTests.swift */,
			);
			path = AnimationSampleTests;
			sourceTree = "<group>";
		};
		6992838329B607400074C36E /* AnimationSampleUITests */ = {
			isa = PBXGroup;
			children = (
				6992838429B607400074C36E /* AnimationSampleUITests.swift */,
				6992838629B607400074C36E /* AnimationSampleUITestsLaunchTests.swift */,
			);
			path = AnimationSampleUITests;
			sourceTree = "<group>";
		};
/* End PBXGroup section */

/* Begin PBXNativeTarget section */
		6992836529B6073F0074C36E /* AnimationSample */ = {
			isa = PBXNativeTarget;
			buildConfigurationList = 6992838A29B607400074C36E /* Build configuration list for PBXNativeTarget "AnimationSample" */;
			buildPhases = (
				6992836229B6073F0074C36E /* Sources */,
				6992836329B6073F0074C36E /* Frameworks */,
				6992836429B6073F0074C36E /* Resources */,
			);
			buildRules = (
			);
			dependencies = (
			);
			name = AnimationSample;
			productName = AnimationSample;
			productReference = 6992836629B6073F0074C36E /* AnimationSample.app */;
			productType = "com.apple.product-type.application";
		};
		6992837529B607400074C36E /* AnimationSampleTests */ = {
			isa = PBXNativeTarget;
			buildConfigurationList = 6992838D29B607400074C36E /* Build configuration list for PBXNativeTarget "AnimationSampleTests" */;
			buildPhases = (
				6992837229B607400074C36E /* Sources */,
				6992837329B607400074C36E /* Frameworks */,
				6992837429B607400074C36E /* Resources */,
			);
			buildRules = (
			);
			dependencies = (
				6992837829B607400074C36E /* PBXTargetDependency */,
			);
			name = AnimationSampleTests;
			productName = AnimationSampleTests;
			productReference = 6992837629B607400074C36E /* AnimationSampleTests.xctest */;
			productType = "com.apple.product-type.bundle.unit-test";
		};
		6992837F29B607400074C36E /* AnimationSampleUITests */ = {
			isa = PBXNativeTarget;
			buildConfigurationList = 6992839029B607400074C36E /* Build configuration list for PBXNativeTarget "AnimationSampleUITests" */;
			buildPhases = (
				6992837C29B607400074C36E /* Sources */,
				6992837D29B607400074C36E /* Frameworks */,
				6992837E29B607400074C36E /* Resources */,
			);
			buildRules = (
			);
			dependencies = (
				6992838229B607400074C36E /* PBXTargetDependency */,
			);
			name = AnimationSampleUITests;
			productName = AnimationSampleUITests;
			productReference = 6992838029B607400074C36E /* AnimationSampleUITests.xctest */;
			productType = "com.apple.product-type.bundle.ui-testing";
		};
/* End PBXNativeTarget section */

/* Begin PBXProject section */
		6992835E29B6073F0074C36E /* Project object */ = {
			isa = PBXProject;
			attributes = {
				BuildIndependentTargetsInParallel = 1;
				LastSwiftUpdateCheck = 1420;
				LastUpgradeCheck = 1420;
				TargetAttributes = {
					6992836529B6073F0074C36E = {
						CreatedOnToolsVersion = 14.2;
					};
					6992837529B607400074C36E = {
						CreatedOnToolsVersion = 14.2;
						TestTargetID = 6992836529B6073F0074C36E;
					};
					6992837F29B607400074C36E = {
						CreatedOnToolsVersion = 14.2;
						TestTargetID = 6992836529B6073F0074C36E;
					};
				};
			};
			buildConfigurationList = 6992836129B6073F0074C36E /* Build configuration list for PBXProject "AnimationSample" */;
			compatibilityVersion = "Xcode 14.0";
			developmentRegion = en;
			hasScannedForEncodings = 0;
			knownRegions = (
				en,
				Base,
			);
			mainGroup = 6992835D29B6073F0074C36E;
			productRefGroup = 6992836729B6073F0074C36E /* Products */;
			projectDirPath = "";
			projectRoot = "";
			targets = (
				6992836529B6073F0074C36E /* AnimationSample */,
				6992837529B607400074C36E /* AnimationSampleTests */,
				6992837F29B607400074C36E /* AnimationSampleUITests */,
			);
		};
/* End PBXProject section */

/* Begin PBXResourcesBuildPhase section */
		6992836429B6073F0074C36E /* Resources */ = {
			isa = PBXResourcesBuildPhase;
			buildActionMask = 2147483647;
			files = (
				6992837129B607400074C36E /* Preview Assets.xcassets in Resources */,
				6992836E29B607400074C36E /* Assets.xcassets in Resources */,
			);
			runOnlyForDeploymentPostprocessing = 0;
		};
		6992837429B607400074C36E /* Resources */ = {
			isa = PBXResourcesBuildPhase;
			buildActionMask = 2147483647;
			files = (
			);
			runOnlyForDeploymentPostprocessing = 0;
		};
		6992837E29B607400074C36E /* Resources */ = {
			isa = PBXResourcesBuildPhase;
			buildActionMask = 2147483647;
			files = (
			);
			runOnlyForDeploymentPostprocessing = 0;
		};
/* End PBXResourcesBuildPhase section */

/* Begin PBXSourcesBuildPhase section */
		6992836229B6073F0074C36E /* Sources */ = {
			isa = PBXSourcesBuildPhase;
			buildActionMask = 2147483647;
			files = (
				6992836C29B6073F0074C36E /* ContentView.swift in Sources */,
				6992836A29B6073F0074C36E /* AnimationSampleApp.swift in Sources */,
			);
			runOnlyForDeploymentPostprocessing = 0;
		};
		6992837229B607400074C36E /* Sources */ = {
			isa = PBXSourcesBuildPhase;
			buildActionMask = 2147483647;
			files = (
				6992837B29B607400074C36E /* AnimationSampleTests.swift in Sources */,
			);
			runOnlyForDeploymentPostprocessing = 0;
		};
		6992837C29B607400074C36E /* Sources */ = {
			isa = PBXSourcesBuildPhase;
			buildActionMask = 2147483647;
			files = (
				6992838529B607400074C36E /* AnimationSampleUITests.swift in Sources */,
				6992838729B607400074C36E /* AnimationSampleUITestsLaunchTests.swift in Sources */,
			);
			runOnlyForDeploymentPostprocessing = 0;
		};
/* End PBXSourcesBuildPhase section */

/* Begin PBXTargetDependency section */
		6992837829B607400074C36E /* PBXTargetDependency */ = {
			isa = PBXTargetDependency;
			target = 6992836529B6073F0074C36E /* AnimationSample */;
			targetProxy = 6992837729B607400074C36E /* PBXContainerItemProxy */;
		};
		6992838229B607400074C36E /* PBXTargetDependency */ = {
			isa = PBXTargetDependency;
			target = 6992836529B6073F0074C36E /* AnimationSample */;
			targetProxy = 6992838129B607400074C36E /* PBXContainerItemProxy */;
		};
/* End PBXTargetDependency section */

/* Begin XCBuildConfiguration section */
		6992838829B607400074C36E /* Debug */ = {
			isa = XCBuildConfiguration;
			buildSettings = {
				ALWAYS_SEARCH_USER_PATHS = NO;
				CLANG_ANALYZER_NONNULL = YES;
				CLANG_ANALYZER_NUMBER_OBJECT_CONVERSION = YES_AGGRESSIVE;
				CLANG_CXX_LANGUAGE_STANDARD = "gnu++20";
				CLANG_ENABLE_MODULES = YES;
				CLANG_ENABLE_OBJC_ARC = YES;
				CLANG_ENABLE_OBJC_WEAK = YES;
				CLANG_WARN_BLOCK_CAPTURE_AUTORELEASING = YES;
				CLANG_WARN_BOOL_CONVERSION = YES;
				CLANG_WARN_COMMA = YES;
				CLANG_WARN_CONSTANT_CONVERSION = YES;
				CLANG_WARN_DEPRECATED_OBJC_IMPLEMENTATIONS = YES;
				CLANG_WARN_DIRECT_OBJC_ISA_USAGE = YES_ERROR;
				CLANG_WARN_DOCUMENTATION_COMMENTS = YES;
				CLANG_WARN_EMPTY_BODY = YES;
				CLANG_WARN_ENUM_CONVERSION = YES;
				CLANG_WARN_INFINITE_RECURSION = YES;
				CLANG_WARN_INT_CONVERSION = YES;
				CLANG_WARN_NON_LITERAL_NULL_CONVERSION = YES;
				CLANG_WARN_OBJC_IMPLICIT_RETAIN_SELF = YES;
				CLANG_WARN_OBJC_LITERAL_CONVERSION = YES;
				CLANG_WARN_OBJC_ROOT_CLASS = YES_ERROR;
				CLANG_WARN_QUOTED_INCLUDE_IN_FRAMEWORK_HEADER = YES;
				CLANG_WARN_RANGE_LOOP_ANALYSIS = YES;
				CLANG_WARN_STRICT_PROTOTYPES = YES;
				CLANG_WARN_SUSPICIOUS_MOVE = YES;
				CLANG_WARN_UNGUARDED_AVAILABILITY = YES_AGGRESSIVE;
				CLANG_WARN_UNREACHABLE_CODE = YES;
				CLANG_WARN__DUPLICATE_METHOD_MATCH = YES;
				COPY_PHASE_STRIP = NO;
				DEBUG_INFORMATION_FORMAT = dwarf;
				ENABLE_STRICT_OBJC_MSGSEND = YES;
				ENABLE_TESTABILITY = YES;
				GCC_C_LANGUAGE_STANDARD = gnu11;
				GCC_DYNAMIC_NO_PIC = NO;
				GCC_NO_COMMON_BLOCKS = YES;
				GCC_OPTIMIZATION_LEVEL = 0;
				GCC_PREPROCESSOR_DEFINITIONS = (
					"DEBUG=1",
					"$(inherited)",
				);
				GCC_WARN_64_TO_32_BIT_CONVERSION = YES;
				GCC_WARN_ABOUT_RETURN_TYPE = YES_ERROR;
				GCC_WARN_UNDECLARED_SELECTOR = YES;
				GCC_WARN_UNINITIALIZED_AUTOS = YES_AGGRESSIVE;
				GCC_WARN_UNUSED_FUNCTION = YES;
				GCC_WARN_UNUSED_VARIABLE = YES;
				IPHONEOS_DEPLOYMENT_TARGET = 16.2;
				MTL_ENABLE_DEBUG_INFO = INCLUDE_SOURCE;
				MTL_FAST_MATH = YES;
				ONLY_ACTIVE_ARCH = YES;
				SDKROOT = iphoneos;
				SWIFT_ACTIVE_COMPILATION_CONDITIONS = DEBUG;
				SWIFT_OPTIMIZATION_LEVEL = "-Onone";
			};
			name = Debug;
		};
		6992838929B607400074C36E /* Release */ = {
			isa = XCBuildConfiguration;
			buildSettings = {
				ALWAYS_SEARCH_USER_PATHS = NO;
				CLANG_ANALYZER_NONNULL = YES;
				CLANG_ANALYZER_NUMBER_OBJECT_CONVERSION = YES_AGGRESSIVE;
				CLANG_CXX_LANGUAGE_STANDARD = "gnu++20";
				CLANG_ENABLE_MODULES = YES;
				CLANG_ENABLE_OBJC_ARC = YES;
				CLANG_ENABLE_OBJC_WEAK = YES;
				CLANG_WARN_BLOCK_CAPTURE_AUTORELEASING = YES;
				CLANG_WARN_BOOL_CONVERSION = YES;
				CLANG_WARN_COMMA = YES;
				CLANG_WARN_CONSTANT_CONVERSION = YES;
				CLANG_WARN_DEPRECATED_OBJC_IMPLEMENTATIONS = YES;
				CLANG_WARN_DIRECT_OBJC_ISA_USAGE = YES_ERROR;
				CLANG_WARN_DOCUMENTATION_COMMENTS = YES;
				CLANG_WARN_EMPTY_BODY = YES;
				CLANG_WARN_ENUM_CONVERSION = YES;
				CLANG_WARN_INFINITE_RECURSION = YES;
				CLANG_WARN_INT_CONVERSION = YES;
				CLANG_WARN_NON_LITERAL_NULL_CONVERSION = YES;
				CLANG_WARN_OBJC_IMPLICIT_RETAIN_SELF = YES;
				CLANG_WARN_OBJC_LITERAL_CONVERSION = YES;
				CLANG_WARN_OBJC_ROOT_CLASS = YES_ERROR;
				CLANG_WARN_QUOTED_INCLUDE_IN_FRAMEWORK_HEADER = YES;
				CLANG_WARN_RANGE_LOOP_ANALYSIS = YES;
				CLANG_WARN_STRICT_PROTOTYPES = YES;
				CLANG_WARN_SUSPICIOUS_MOVE = YES;
				CLANG_WARN_UNGUARDED_AVAILABILITY = YES_AGGRESSIVE;
				CLANG_WARN_UNREACHABLE_CODE = YES;
				CLANG_WARN__DUPLICATE_METHOD_MATCH = YES;
				COPY_PHASE_STRIP = NO;
				DEBUG_INFORMATION_FORMAT = "dwarf-with-dsym";
				ENABLE_NS_ASSERTIONS = NO;
				ENABLE_STRICT_OBJC_MSGSEND = YES;
				GCC_C_LANGUAGE_STANDARD = gnu11;
				GCC_NO_COMMON_BLOCKS = YES;
				GCC_WARN_64_TO_32_BIT_CONVERSION = YES;
				GCC_WARN_ABOUT_RETURN_TYPE = YES_ERROR;
				GCC_WARN_UNDECLARED_SELECTOR = YES;
				GCC_WARN_UNINITIALIZED_AUTOS = YES_AGGRESSIVE;
				GCC_WARN_UNUSED_FUNCTION = YES;
				GCC_WARN_UNUSED_VARIABLE = YES;
				IPHONEOS_DEPLOYMENT_TARGET = 16.2;
				MTL_ENABLE_DEBUG_INFO = NO;
				MTL_FAST_MATH = YES;
				SDKROOT = iphoneos;
				SWIFT_COMPILATION_MODE = wholemodule;
				SWIFT_OPTIMIZATION_LEVEL = "-O";
				VALIDATE_PRODUCT = YES;
			};
			name = Release;
		};
		6992838B29B607400074C36E /* Debug */ = {
			isa = XCBuildConfiguration;
			buildSettings = {
				ASSETCATALOG_COMPILER_APPICON_NAME = AppIcon;
				ASSETCATALOG_COMPILER_GLOBAL_ACCENT_COLOR_NAME = AccentColor;
				CODE_SIGN_STYLE = Automatic;
				CURRENT_PROJECT_VERSION = 1;
				DEVELOPMENT_ASSET_PATHS = "\"AnimationSample/Preview Content\"";
				ENABLE_PREVIEWS = YES;
				GENERATE_INFOPLIST_FILE = YES;
				INFOPLIST_KEY_UIApplicationSceneManifest_Generation = YES;
				INFOPLIST_KEY_UIApplicationSupportsIndirectInputEvents = YES;
				INFOPLIST_KEY_UILaunchScreen_Generation = YES;
				INFOPLIST_KEY_UISupportedInterfaceOrientations_iPad = "UIInterfaceOrientationPortrait UIInterfaceOrientationPortraitUpsideDown UIInterfaceOrientationLandscapeLeft UIInterfaceOrientationLandscapeRight";
				INFOPLIST_KEY_UISupportedInterfaceOrientations_iPhone = "UIInterfaceOrientationPortrait UIInterfaceOrientationLandscapeLeft UIInterfaceOrientationLandscapeRight";
				LD_RUNPATH_SEARCH_PATHS = (
					"$(inherited)",
					"@executable_path/Frameworks",
				);
				MARKETING_VERSION = 1.0;
				PRODUCT_BUNDLE_IDENTIFIER = com.sako.AnimationSample;
				PRODUCT_NAME = "$(TARGET_NAME)";
				SWIFT_EMIT_LOC_STRINGS = YES;
				SWIFT_VERSION = 5.0;
				TARGETED_DEVICE_FAMILY = "1,2";
			};
			name = Debug;
		};
		6992838C29B607400074C36E /* Release */ = {
			isa = XCBuildConfiguration;
			buildSettings = {
				ASSETCATALOG_COMPILER_APPICON_NAME = AppIcon;
				ASSETCATALOG_COMPILER_GLOBAL_ACCENT_COLOR_NAME = AccentColor;
				CODE_SIGN_STYLE = Automatic;
				CURRENT_PROJECT_VERSION = 1;
				DEVELOPMENT_ASSET_PATHS = "\"AnimationSample/Preview Content\"";
				ENABLE_PREVIEWS = YES;
				GENERATE_INFOPLIST_FILE = YES;
				INFOPLIST_KEY_UIApplicationSceneManifest_Generation = YES;
				INFOPLIST_KEY_UIApplicationSupportsIndirectInputEvents = YES;
				INFOPLIST_KEY_UILaunchScreen_Generation = YES;
				INFOPLIST_KEY_UISupportedInterfaceOrientations_iPad = "UIInterfaceOrientationPortrait UIInterfaceOrientationPortraitUpsideDown UIInterfaceOrientationLandscapeLeft UIInterfaceOrientationLandscapeRight";
				INFOPLIST_KEY_UISupportedInterfaceOrientations_iPhone = "UIInterfaceOrientationPortrait UIInterfaceOrientationLandscapeLeft UIInterfaceOrientationLandscapeRight";
				LD_RUNPATH_SEARCH_PATHS = (
					"$(inherited)",
					"@executable_path/Frameworks",
				);
				MARKETING_VERSION = 1.0;
				PRODUCT_BUNDLE_IDENTIFIER = com.sako.AnimationSample;
				PRODUCT_NAME = "$(TARGET_NAME)";
				SWIFT_EMIT_LOC_STRINGS = YES;
				SWIFT_VERSION = 5.0;
				TARGETED_DEVICE_FAMILY = "1,2";
			};
			name = Release;
		};
		6992838E29B607400074C36E /* Debug */ = {
			isa = XCBuildConfiguration;
			buildSettings = {
				ALWAYS_EMBED_SWIFT_STANDARD_LIBRARIES = YES;
				BUNDLE_LOADER = "$(TEST_HOST)";
				CODE_SIGN_STYLE = Automatic;
				CURRENT_PROJECT_VERSION = 1;
				GENERATE_INFOPLIST_FILE = YES;
				IPHONEOS_DEPLOYMENT_TARGET = 16.2;
				MARKETING_VERSION = 1.0;
				PRODUCT_BUNDLE_IDENTIFIER = com.sako.AnimationSampleTests;
				PRODUCT_NAME = "$(TARGET_NAME)";
				SWIFT_EMIT_LOC_STRINGS = NO;
				SWIFT_VERSION = 5.0;
				TARGETED_DEVICE_FAMILY = "1,2";
				TEST_HOST = "$(BUILT_PRODUCTS_DIR)/AnimationSample.app/$(BUNDLE_EXECUTABLE_FOLDER_PATH)/AnimationSample";
			};
			name = Debug;
		};
		6992838F29B607400074C36E /* Release */ = {
			isa = XCBuildConfiguration;
			buildSettings = {
				ALWAYS_EMBED_SWIFT_STANDARD_LIBRARIES = YES;
				BUNDLE_LOADER = "$(TEST_HOST)";
				CODE_SIGN_STYLE = Automatic;
				CURRENT_PROJECT_VERSION = 1;
				GENERATE_INFOPLIST_FILE = YES;
				IPHONEOS_DEPLOYMENT_TARGET = 16.2;
				MARKETING_VERSION = 1.0;
				PRODUCT_BUNDLE_IDENTIFIER = com.sako.AnimationSampleTests;
				PRODUCT_NAME = "$(TARGET_NAME)";
				SWIFT_EMIT_LOC_STRINGS = NO;
				SWIFT_VERSION = 5.0;
				TARGETED_DEVICE_FAMILY = "1,2";
				TEST_HOST = "$(BUILT_PRODUCTS_DIR)/AnimationSample.app/$(BUNDLE_EXECUTABLE_FOLDER_PATH)/AnimationSample";
			};
			name = Release;
		};
		6992839129B607400074C36E /* Debug */ = {
			isa = XCBuildConfiguration;
			buildSettings = {
				ALWAYS_EMBED_SWIFT_STANDARD_LIBRARIES = YES;
				CODE_SIGN_STYLE = Automatic;
				CURRENT_PROJECT_VERSION = 1;
				GENERATE_INFOPLIST_FILE = YES;
				MARKETING_VERSION = 1.0;
				PRODUCT_BUNDLE_IDENTIFIER = com.sako.AnimationSampleUITests;
				PRODUCT_NAME = "$(TARGET_NAME)";
				SWIFT_EMIT_LOC_STRINGS = NO;
				SWIFT_VERSION = 5.0;
				TARGETED_DEVICE_FAMILY = "1,2";
				TEST_TARGET_NAME = AnimationSample;
			};
			name = Debug;
		};
		6992839229B607400074C36E /* Release */ = {
			isa = XCBuildConfiguration;
			buildSettings = {
				ALWAYS_EMBED_SWIFT_STANDARD_LIBRARIES = YES;
				CODE_SIGN_STYLE = Automatic;
				CURRENT_PROJECT_VERSION = 1;
				GENERATE_INFOPLIST_FILE = YES;
				MARKETING_VERSION = 1.0;
				PRODUCT_BUNDLE_IDENTIFIER = com.sako.AnimationSampleUITests;
				PRODUCT_NAME = "$(TARGET_NAME)";
				SWIFT_EMIT_LOC_STRINGS = NO;
				SWIFT_VERSION = 5.0;
				TARGETED_DEVICE_FAMILY = "1,2";
				TEST_TARGET_NAME = AnimationSample;
			};
			name = Release;
		};
/* End XCBuildConfiguration section */

/* Begin XCConfigurationList section */
		6992836129B6073F0074C36E /* Build configuration list for PBXProject "AnimationSample" */ = {
			isa = XCConfigurationList;
			buildConfigurations = (
				6992838829B607400074C36E /* Debug */,
				6992838929B607400074C36E /* Release */,
			);
			defaultConfigurationIsVisible = 0;
			defaultConfigurationName = Release;
		};
		6992838A29B607400074C36E /* Build configuration list for PBXNativeTarget "AnimationSample" */ = {
			isa = XCConfigurationList;
			buildConfigurations = (
				6992838B29B607400074C36E /* Debug */,
				6992838C29B607400074C36E /* Release */,
			);
			defaultConfigurationIsVisible = 0;
			defaultConfigurationName = Release;
		};
		6992838D29B607400074C36E /* Build configuration list for PBXNativeTarget "AnimationSampleTests" */ = {
			isa = XCConfigurationList;
			buildConfigurations = (
				6992838E29B607400074C36E /* Debug */,
				6992838F29B607400074C36E /* Release */,
			);
			defaultConfigurationIsVisible = 0;
			defaultConfigurationName = Release;
		};
		6992839029B607400074C36E /* Build configuration list for PBXNativeTarget "AnimationSampleUITests" */ = {
			isa = XCConfigurationList;
			buildConfigurations = (
				6992839129B607400074C36E /* Debug */,
				6992839229B607400074C36E /* Release */,
			);
			defaultConfigurationIsVisible = 0;
			defaultConfigurationName = Release;
		};
/* End XCConfigurationList section */
	};
	rootObject = 6992835E29B6073F0074C36E /* Project object */;
}
